PODS:
  - MJRefresh (3.5.0)
  - WZEmptyView (1.1.8):
    - WZEmptyView/Source (= 1.1.8)
  - WZEmptyView/Source (1.1.8)
  - WZNamespaceWrappable (1.0.0)
  - WZRefresh (1.0.0):
    - MJRefresh (~> 3.5.0)
    - WZNamespaceWrappable (~> 1.0.0)

DEPENDENCIES:
  - WZEmptyView
  - WZRefresh (from `../`)

SPEC REPOS:
  https://cdn.cocoapods.org/:
    - MJRefresh
  https://github.com/WZLYiOS/WZPodSpecs.git:
    - WZEmptyView
    - WZNamespaceWrappable

EXTERNAL SOURCES:
  WZRefresh:
    :path: "../"

SPEC CHECKSUMS:
  MJRefresh: 6afc955813966afb08305477dd7a0d9ad5e79a16
  WZEmptyView: 023d6c3b58528658f027cef6e6bc7828750c45f3
  WZNamespaceWrappable: 880bfa32c164bb80381ae65a49350c81521765d4
  WZRefresh: acdd24c6929d6c88e8b5420f85e62a4fadae40b0

PODFILE CHECKSUM: 3e4363d4951ca0b066c9908e204934d9322d2609

COCOAPODS: 1.9.3
